
Microsoft Visual Studio Solution File, Format Version 12.00
# Visual Studio 15
VisualStudioVersion = 15.0.26124.0
MinimumVisualStudioVersion = 15.0.26124.0
Project("{FAE04EC0-301F-11D3-BF4B-00C04F79EFBC}") = "API", "API\API.csproj", "{1C0A2447-4590-491A-A0E3-DB5810525105}"
EndProject
Project("{FAE04EC0-301F-11D3-BF4B-00C04F79EFBC}") = "Domain", "Domain\Domain.csproj", "{F7CDF450-E462-43A3-96F2-562A20C3979F}"
EndProject
Project("{FAE04EC0-301F-11D3-BF4B-00C04F79EFBC}") = "Persistence", "Persistence\Persistence.csproj", "{8013B269-F666-45F6-930B-5F78B15E56F7}"
EndProject
Project("{FAE04EC0-301F-11D3-BF4B-00C04F79EFBC}") = "Application", "Application\Application.csproj", "{EF2018F0-CAF6-47D8-9E93-EF30D5D88B47}"
EndProject
Global
	GlobalSection(SolutionConfigurationPlatforms) = preSolution
		Debug|Any CPU = Debug|Any CPU
		Debug|x64 = Debug|x64
		Debug|x86 = Debug|x86
		Release|Any CPU = Release|Any CPU
		Release|x64 = Release|x64
		Release|x86 = Release|x86
	EndGlobalSection
	GlobalSection(SolutionProperties) = preSolution
		HideSolutionNode = FALSE
	EndGlobalSection
	GlobalSection(ProjectConfigurationPlatforms) = postSolution
		{1C0A2447-4590-491A-A0E3-DB5810525105}.Debug|Any CPU.ActiveCfg = Debug|Any CPU
		{1C0A2447-4590-491A-A0E3-DB5810525105}.Debug|Any CPU.Build.0 = Debug|Any CPU
		{1C0A2447-4590-491A-A0E3-DB5810525105}.Debug|x64.ActiveCfg = Debug|Any CPU
		{1C0A2447-4590-491A-A0E3-DB5810525105}.Debug|x64.Build.0 = Debug|Any CPU
		{1C0A2447-4590-491A-A0E3-DB5810525105}.Debug|x86.ActiveCfg = Debug|Any CPU
		{1C0A2447-4590-491A-A0E3-DB5810525105}.Debug|x86.Build.0 = Debug|Any CPU
		{1C0A2447-4590-491A-A0E3-DB5810525105}.Release|Any CPU.ActiveCfg = Release|Any CPU
		{1C0A2447-4590-491A-A0E3-DB5810525105}.Release|Any CPU.Build.0 = Release|Any CPU
		{1C0A2447-4590-491A-A0E3-DB5810525105}.Release|x64.ActiveCfg = Release|Any CPU
		{1C0A2447-4590-491A-A0E3-DB5810525105}.Release|x64.Build.0 = Release|Any CPU
		{1C0A2447-4590-491A-A0E3-DB5810525105}.Release|x86.ActiveCfg = Release|Any CPU
		{1C0A2447-4590-491A-A0E3-DB5810525105}.Release|x86.Build.0 = Release|Any CPU
		{F7CDF450-E462-43A3-96F2-562A20C3979F}.Debug|Any CPU.ActiveCfg = Debug|Any CPU
		{F7CDF450-E462-43A3-96F2-562A20C3979F}.Debug|Any CPU.Build.0 = Debug|Any CPU
		{F7CDF450-E462-43A3-96F2-562A20C3979F}.Debug|x64.ActiveCfg = Debug|Any CPU
		{F7CDF450-E462-43A3-96F2-562A20C3979F}.Debug|x64.Build.0 = Debug|Any CPU
		{F7CDF450-E462-43A3-96F2-562A20C3979F}.Debug|x86.ActiveCfg = Debug|Any CPU
		{F7CDF450-E462-43A3-96F2-562A20C3979F}.Debug|x86.Build.0 = Debug|Any CPU
		{F7CDF450-E462-43A3-96F2-562A20C3979F}.Release|Any CPU.ActiveCfg = Release|Any CPU
		{F7CDF450-E462-43A3-96F2-562A20C3979F}.Release|Any CPU.Build.0 = Release|Any CPU
		{F7CDF450-E462-43A3-96F2-562A20C3979F}.Release|x64.ActiveCfg = Release|Any CPU
		{F7CDF450-E462-43A3-96F2-562A20C3979F}.Release|x64.Build.0 = Release|Any CPU
		{F7CDF450-E462-43A3-96F2-562A20C3979F}.Release|x86.ActiveCfg = Release|Any CPU
		{F7CDF450-E462-43A3-96F2-562A20C3979F}.Release|x86.Build.0 = Release|Any CPU
		{8013B269-F666-45F6-930B-5F78B15E56F7}.Debug|Any CPU.ActiveCfg = Debug|Any CPU
		{8013B269-F666-45F6-930B-5F78B15E56F7}.Debug|Any CPU.Build.0 = Debug|Any CPU
		{8013B269-F666-45F6-930B-5F78B15E56F7}.Debug|x64.ActiveCfg = Debug|Any CPU
		{8013B269-F666-45F6-930B-5F78B15E56F7}.Debug|x64.Build.0 = Debug|Any CPU
		{8013B269-F666-45F6-930B-5F78B15E56F7}.Debug|x86.ActiveCfg = Debug|Any CPU
		{8013B269-F666-45F6-930B-5F78B15E56F7}.Debug|x86.Build.0 = Debug|Any CPU
		{8013B269-F666-45F6-930B-5F78B15E56F7}.Release|Any CPU.ActiveCfg = Release|Any CPU
		{8013B269-F666-45F6-930B-5F78B15E56F7}.Release|Any CPU.Build.0 = Release|Any CPU
		{8013B269-F666-45F6-930B-5F78B15E56F7}.Release|x64.ActiveCfg = Release|Any CPU
		{8013B269-F666-45F6-930B-5F78B15E56F7}.Release|x64.Build.0 = Release|Any CPU
		{8013B269-F666-45F6-930B-5F78B15E56F7}.Release|x86.ActiveCfg = Release|Any CPU
		{8013B269-F666-45F6-930B-5F78B15E56F7}.Release|x86.Build.0 = Release|Any CPU
		{EF2018F0-CAF6-47D8-9E93-EF30D5D88B47}.Debug|Any CPU.ActiveCfg = Debug|Any CPU
		{EF2018F0-CAF6-47D8-9E93-EF30D5D88B47}.Debug|Any CPU.Build.0 = Debug|Any CPU
		{EF2018F0-CAF6-47D8-9E93-EF30D5D88B47}.Debug|x64.ActiveCfg = Debug|Any CPU
		{EF2018F0-CAF6-47D8-9E93-EF30D5D88B47}.Debug|x64.Build.0 = Debug|Any CPU
		{EF2018F0-CAF6-47D8-9E93-EF30D5D88B47}.Debug|x86.ActiveCfg = Debug|Any CPU
		{EF2018F0-CAF6-47D8-9E93-EF30D5D88B47}.Debug|x86.Build.0 = Debug|Any CPU
		{EF2018F0-CAF6-47D8-9E93-EF30D5D88B47}.Release|Any CPU.ActiveCfg = Release|Any CPU
		{EF2018F0-CAF6-47D8-9E93-EF30D5D88B47}.Release|Any CPU.Build.0 = Release|Any CPU
		{EF2018F0-CAF6-47D8-9E93-EF30D5D88B47}.Release|x64.ActiveCfg = Release|Any CPU
		{EF2018F0-CAF6-47D8-9E93-EF30D5D88B47}.Release|x64.Build.0 = Release|Any CPU
		{EF2018F0-CAF6-47D8-9E93-EF30D5D88B47}.Release|x86.ActiveCfg = Release|Any CPU
		{EF2018F0-CAF6-47D8-9E93-EF30D5D88B47}.Release|x86.Build.0 = Release|Any CPU
	EndGlobalSection
EndGlobal
